// !$*UTF8*$!
{
	archiveVersion = 1;
	classes = {
	};
	objectVersion = 50;
	objects = {

/* Begin PBXBuildFile section */
		4C0038A125BD2D7400EBD519 /* SettingsPresentationController.swift in Sources */ = {isa = PBXBuildFile; fileRef = 4C0038A025BD2D7400EBD519 /* SettingsPresentationController.swift */; };
		4C0038A625BD2DEF00EBD519 /* SettingsViewController.swift in Sources */ = {isa = PBXBuildFile; fileRef = 4C0038A525BD2DEF00EBD519 /* SettingsViewController.swift */; };
		4C0038AC25BD2E4600EBD519 /* Setting.swift in Sources */ = {isa = PBXBuildFile; fileRef = 4C0038AB25BD2E4600EBD519 /* Setting.swift */; };
		4C0038B425BD2F0E00EBD519 /* SearchedSongSettingCollectionViewCell.swift in Sources */ = {isa = PBXBuildFile; fileRef = 4C0038B325BD2F0E00EBD519 /* SearchedSongSettingCollectionViewCell.swift */; };
		4C04E8A5253E5253001C0039 /* TransitionAnimator.swift in Sources */ = {isa = PBXBuildFile; fileRef = 4C04E8A4253E5253001C0039 /* TransitionAnimator.swift */; };
		4C04E8AD253E5C11001C0039 /* NowPlayingFullViewController.swift in Sources */ = {isa = PBXBuildFile; fileRef = 4C04E8AC253E5C11001C0039 /* NowPlayingFullViewController.swift */; };
		4C06DE60254F9D8A00897208 /* Interactor.swift in Sources */ = {isa = PBXBuildFile; fileRef = 4C04E8B7253E6083001C0039 /* Interactor.swift */; };
		4C07BE1B25555CF000A2D85A /* InstantPanGestureRecognizer.swift in Sources */ = {isa = PBXBuildFile; fileRef = 4C07BE1A25555CF000A2D85A /* InstantPanGestureRecognizer.swift */; };
		4C0FD8DD252AB79E003AA808 /* MusicController.swift in Sources */ = {isa = PBXBuildFile; fileRef = 4C0FD8DC252AB79E003AA808 /* MusicController.swift */; };
		4C0FD8E2252ADFC1003AA808 /* NowPlayingView.swift in Sources */ = {isa = PBXBuildFile; fileRef = 4C0FD8E1252ADFC1003AA808 /* NowPlayingView.swift */; };
		4C0FD8E7252AF62E003AA808 /* Colors.swift in Sources */ = {isa = PBXBuildFile; fileRef = 4C0FD8E6252AF62E003AA808 /* Colors.swift */; };
		4C0FD8EC252B17D6003AA808 /* UIImage+SymbolConfig.swift in Sources */ = {isa = PBXBuildFile; fileRef = 4C0FD8EB252B17D6003AA808 /* UIImage+SymbolConfig.swift */; };
		4C10BCA4255BDFED00E005D1 /* SectionHeader.swift in Sources */ = {isa = PBXBuildFile; fileRef = 4C10BCA3255BDFED00E005D1 /* SectionHeader.swift */; };
		4C1218922558FF0F00164062 /* CurrentPlaylistCollectionViewCell.swift in Sources */ = {isa = PBXBuildFile; fileRef = 4C1218912558FF0F00164062 /* CurrentPlaylistCollectionViewCell.swift */; };
		4C13359C25722A24008208DC /* NeuMusicButton.swift in Sources */ = {isa = PBXBuildFile; fileRef = 4C13359B25722A24008208DC /* NeuMusicButton.swift */; };
		4C153C32254C01C400A07DAD /* NowPlayingBarViewController.swift in Sources */ = {isa = PBXBuildFile; fileRef = 4C153C31254C01C400A07DAD /* NowPlayingBarViewController.swift */; };
		4C1B03522566550700FDBEB5 /* PlayingIndicatorViewController.swift in Sources */ = {isa = PBXBuildFile; fileRef = 4C1B03512566550700FDBEB5 /* PlayingIndicatorViewController.swift */; };
		4C1CA3C025514F2E0074A711 /* NowPlayingTransitionCoordinator.swift in Sources */ = {isa = PBXBuildFile; fileRef = 4C1CA3BF25514F2E0074A711 /* NowPlayingTransitionCoordinator.swift */; };
		4C1E460C254D01A900E49F17 /* AppTabBarViewController.swift in Sources */ = {isa = PBXBuildFile; fileRef = 4C1E460B254D01A900E49F17 /* AppTabBarViewController.swift */; };
		4C2186E12544208500DFD391 /* NowPlayingFull.swift in Sources */ = {isa = PBXBuildFile; fileRef = 4C2186E02544208500DFD391 /* NowPlayingFull.swift */; };
		4C22EF85258CCA0D00032601 /* NowPlayingIndictorView.swift in Sources */ = {isa = PBXBuildFile; fileRef = 4C22EF84258CCA0D00032601 /* NowPlayingIndictorView.swift */; };
		4C27C3C22542BC600005BD01 /* PlaylistSongView.swift in Sources */ = {isa = PBXBuildFile; fileRef = 4C27C3C12542BC600005BD01 /* PlaylistSongView.swift */; };
		4C2AE15F25310BAE009164B8 /* Constants.swift in Sources */ = {isa = PBXBuildFile; fileRef = 4C2AE15E25310BAE009164B8 /* Constants.swift */; };
		4C2C83CA256498FD00D4332F /* ChildVCCoordinator.swift in Sources */ = {isa = PBXBuildFile; fileRef = 4C2C83C9256498FD00D4332F /* ChildVCCoordinator.swift */; };
		4C319907258381E4007D9A3F /* NowPlayingBarAnimationView.swift in Sources */ = {isa = PBXBuildFile; fileRef = 4C319906258381E4007D9A3F /* NowPlayingBarAnimationView.swift */; };
		4C32722A2547DA9700C5A169 /* ButtonBackgrounds.swift in Sources */ = {isa = PBXBuildFile; fileRef = 4C3272292547DA9700C5A169 /* ButtonBackgrounds.swift */; };
		4C32722F2547DC3200C5A169 /* ButtonStyles.swift in Sources */ = {isa = PBXBuildFile; fileRef = 4C32722E2547DC3200C5A169 /* ButtonStyles.swift */; };
		4C3272372547DCBB00C5A169 /* MusicControlsView.swift in Sources */ = {isa = PBXBuildFile; fileRef = 4C3272362547DCBB00C5A169 /* MusicControlsView.swift */; };
		4C3272402547DD4100C5A169 /* NeuButtons.swift in Sources */ = {isa = PBXBuildFile; fileRef = 4C32723F2547DD4100C5A169 /* NeuButtons.swift */; };
		4C3D1CEA2547F34E0067F57E /* AlbumArtworkView.swift in Sources */ = {isa = PBXBuildFile; fileRef = 4C3D1CE92547F34E0067F57E /* AlbumArtworkView.swift */; };
		4C3D1CF32547F7000067F57E /* TrackProgressBarView.swift in Sources */ = {isa = PBXBuildFile; fileRef = 4C3D1CF22547F7000067F57E /* TrackProgressBarView.swift */; };
		4C3D1CFC2547FCEC0067F57E /* NowPlayingFullView.swift in Sources */ = {isa = PBXBuildFile; fileRef = 4C3D1CFB2547FCEC0067F57E /* NowPlayingFullView.swift */; };
		4C3D1D052547FF7E0067F57E /* NowPlayingBarView.swift in Sources */ = {isa = PBXBuildFile; fileRef = 4C3D1D042547FF7E0067F57E /* NowPlayingBarView.swift */; };
		4C3F349825A94A4F00AD9BC1 /* SectionFooterCollectionViewCell.swift in Sources */ = {isa = PBXBuildFile; fileRef = 4C3F349725A94A4F00AD9BC1 /* SectionFooterCollectionViewCell.swift */; };
		4C4312DF259DFF2800B8804F /* SongsSearchedCollectionViewCell.swift in Sources */ = {isa = PBXBuildFile; fileRef = 4C4312DE259DFF2800B8804F /* SongsSearchedCollectionViewCell.swift */; };
		4C4BB608253C07C3005B086A /* MockSearchResults.json in Resources */ = {isa = PBXBuildFile; fileRef = 4C4BB607253C07C3005B086A /* MockSearchResults.json */; };
		4C4BB613253C121E005B086A /* SearchResult.swift in Sources */ = {isa = PBXBuildFile; fileRef = 4C4BB612253C121E005B086A /* SearchResult.swift */; };
		4C4BB61E253C2BE2005B086A /* AlbumData.swift in Sources */ = {isa = PBXBuildFile; fileRef = 4C4BB61D253C2BE2005B086A /* AlbumData.swift */; };
		4C4BB626253C2C94005B086A /* Album.swift in Sources */ = {isa = PBXBuildFile; fileRef = 4C4BB625253C2C94005B086A /* Album.swift */; };
		4C53F0282546CD3E00F575E1 /* ViewControllerWrapper.swift in Sources */ = {isa = PBXBuildFile; fileRef = 4C53F0272546CD3E00F575E1 /* ViewControllerWrapper.swift */; };
		4C55CE69256D2CAF00A55F4B /* CoreDataStack.swift in Sources */ = {isa = PBXBuildFile; fileRef = 4C55CE68256D2CAF00A55F4B /* CoreDataStack.swift */; };
		4C55CE72256D2D4700A55F4B /* Playlist.xcdatamodeld in Sources */ = {isa = PBXBuildFile; fileRef = 4C55CE70256D2D4700A55F4B /* Playlist.xcdatamodeld */; };
		4C5F40EC256DE5C400DBDA8C /* PlaylistSong+Convenience.swift in Sources */ = {isa = PBXBuildFile; fileRef = 4C5F40EB256DE5C400DBDA8C /* PlaylistSong+Convenience.swift */; };
		4C5F40F2256DFB9500DBDA8C /* PersistedPlaylist+Convenience.swift in Sources */ = {isa = PBXBuildFile; fileRef = 4C5F40F1256DFB9500DBDA8C /* PersistedPlaylist+Convenience.swift */; };
		4C5F40F8256DFC6A00DBDA8C /* Playlist.swift in Sources */ = {isa = PBXBuildFile; fileRef = 4C5F40F7256DFC6A00DBDA8C /* Playlist.swift */; };
		4C5F4100256E484E00DBDA8C /* CreatePlaylistViewController.swift in Sources */ = {isa = PBXBuildFile; fileRef = 4C5F40FF256E484E00DBDA8C /* CreatePlaylistViewController.swift */; };
		4C646B0225296B8300B05D8A /* AppDelegate.swift in Sources */ = {isa = PBXBuildFile; fileRef = 4C646B0125296B8300B05D8A /* AppDelegate.swift */; };
		4C646B0425296B8300B05D8A /* SceneDelegate.swift in Sources */ = {isa = PBXBuildFile; fileRef = 4C646B0325296B8300B05D8A /* SceneDelegate.swift */; };
		4C646B0925296B8300B05D8A /* Main.storyboard in Resources */ = {isa = PBXBuildFile; fileRef = 4C646B0725296B8300B05D8A /* Main.storyboard */; };
		4C646B0B25296B8500B05D8A /* Assets.xcassets in Resources */ = {isa = PBXBuildFile; fileRef = 4C646B0A25296B8500B05D8A /* Assets.xcassets */; };
		4C646B0E25296B8500B05D8A /* LaunchScreen.storyboard in Resources */ = {isa = PBXBuildFile; fileRef = 4C646B0C25296B8500B05D8A /* LaunchScreen.storyboard */; };
		4C646B1925296B8500B05D8A /* New_MusicTests.swift in Sources */ = {isa = PBXBuildFile; fileRef = 4C646B1825296B8500B05D8A /* New_MusicTests.swift */; };
		4C646B2425296B8500B05D8A /* New_MusicUITests.swift in Sources */ = {isa = PBXBuildFile; fileRef = 4C646B2325296B8500B05D8A /* New_MusicUITests.swift */; };
		4C646B3625296BE500B05D8A /* MainCoordinator.swift in Sources */ = {isa = PBXBuildFile; fileRef = 4C646B3525296BE500B05D8A /* MainCoordinator.swift */; };
		4C646B4325296C8A00B05D8A /* UIView+Constraints.swift in Sources */ = {isa = PBXBuildFile; fileRef = 4C646B4225296C8A00B05D8A /* UIView+Constraints.swift */; };
		4C646B4B25296CCA00B05D8A /* AuthController.swift in Sources */ = {isa = PBXBuildFile; fileRef = 4C646B4A25296CCA00B05D8A /* AuthController.swift */; };
		4C646B5025296CFB00B05D8A /* APIController.swift in Sources */ = {isa = PBXBuildFile; fileRef = 4C646B4F25296CFB00B05D8A /* APIController.swift */; };
		4C646B5525296D2400B05D8A /* Results.swift in Sources */ = {isa = PBXBuildFile; fileRef = 4C646B5425296D2400B05D8A /* Results.swift */; };
		4C646B5A25296D4100B05D8A /* Song.swift in Sources */ = {isa = PBXBuildFile; fileRef = 4C646B5925296D4100B05D8A /* Song.swift */; };
		4C646B5F25296D7A00B05D8A /* NetworkError+Init.swift in Sources */ = {isa = PBXBuildFile; fileRef = 4C646B5E25296D7A00B05D8A /* NetworkError+Init.swift */; };
		4C646B6425296DCA00B05D8A /* NowPlayingViewController.swift in Sources */ = {isa = PBXBuildFile; fileRef = 4C646B6325296DCA00B05D8A /* NowPlayingViewController.swift */; };
		4C646B6925296DF900B05D8A /* SearchViewController.swift in Sources */ = {isa = PBXBuildFile; fileRef = 4C646B6825296DF900B05D8A /* SearchViewController.swift */; };
		4C646B6E25296E0B00B05D8A /* PlaylistViewController.swift in Sources */ = {isa = PBXBuildFile; fileRef = 4C646B6D25296E0B00B05D8A /* PlaylistViewController.swift */; };
		4C646B8225296FB400B05D8A /* UIColors.swift in Sources */ = {isa = PBXBuildFile; fileRef = 4C646B8125296FB400B05D8A /* UIColors.swift */; };
		4C646B872529725800B05D8A /* SongsCollectionViewCell.swift in Sources */ = {isa = PBXBuildFile; fileRef = 4C646B862529725800B05D8A /* SongsCollectionViewCell.swift */; };
		4C646B8C2529726600B05D8A /* AlbumsCollectionViewCell.swift in Sources */ = {isa = PBXBuildFile; fileRef = 4C646B8B2529726600B05D8A /* AlbumsCollectionViewCell.swift */; };
		4C646B912529727200B05D8A /* ArtistCollectionViewCell.swift in Sources */ = {isa = PBXBuildFile; fileRef = 4C646B902529727200B05D8A /* ArtistCollectionViewCell.swift */; };
		4C646B962529759000B05D8A /* Section.swift in Sources */ = {isa = PBXBuildFile; fileRef = 4C646B952529759000B05D8A /* Section.swift */; };
		4C646B9B2529769900B05D8A /* SelfConfiguringCell.swift in Sources */ = {isa = PBXBuildFile; fileRef = 4C646B9A2529769900B05D8A /* SelfConfiguringCell.swift */; };
		4C6E646A2563E88B00353615 /* Protocols.swift in Sources */ = {isa = PBXBuildFile; fileRef = 4C6E64692563E88B00353615 /* Protocols.swift */; };
		4C6F58AA2574BFE700511E9C /* UserInfo+CodingUserInfoKey.swift in Sources */ = {isa = PBXBuildFile; fileRef = 4C6F58A92574BFE700511E9C /* UserInfo+CodingUserInfoKey.swift */; };
		4C6F58AF2574E65F00511E9C /* PlaylistCellContentView.swift in Sources */ = {isa = PBXBuildFile; fileRef = 4C6F58AE2574E65F00511E9C /* PlaylistCellContentView.swift */; };
		4C71CA65253ED48D0039C127 /* NowPlayingPresentationController.swift in Sources */ = {isa = PBXBuildFile; fileRef = 4C71CA64253ED48D0039C127 /* NowPlayingPresentationController.swift */; };
		4C7291E625497BA50028A5C0 /* ModalPresentation+SwiftUI.swift in Sources */ = {isa = PBXBuildFile; fileRef = 4C7291E525497BA50028A5C0 /* ModalPresentation+SwiftUI.swift */; };
		4C83037E258ACF1E00E4860F /* NowPlayingViewFull.swift in Sources */ = {isa = PBXBuildFile; fileRef = 4C83037D258ACF1E00E4860F /* NowPlayingViewFull.swift */; };
		4C83038C258B5AC400E4860F /* GetFrameViewModifier.swift in Sources */ = {isa = PBXBuildFile; fileRef = 4C83038B258B5AC400E4860F /* GetFrameViewModifier.swift */; };
		4C830394258B84FB00E4860F /* NowPlayingFullView2.swift in Sources */ = {isa = PBXBuildFile; fileRef = 4C830393258B84FB00E4860F /* NowPlayingFullView2.swift */; };
		4C87CE8C252DB578001B9935 /* Notifications.swift in Sources */ = {isa = PBXBuildFile; fileRef = 4C87CE8B252DB578001B9935 /* Notifications.swift */; };
		4C8BF22B25BD7C3D003497EB /* ExistingPlaylistCollectionViewCell.swift in Sources */ = {isa = PBXBuildFile; fileRef = 4C8BF22A25BD7C3D003497EB /* ExistingPlaylistCollectionViewCell.swift */; };
		4C8C7A4B2577AC2300BB4D45 /* HostingViewController.swift in Sources */ = {isa = PBXBuildFile; fileRef = 4C8C7A4A2577AC2300BB4D45 /* HostingViewController.swift */; };
		4C8C7A5C2577C77700BB4D45 /* NowPlayingMinimizedViewController.swift in Sources */ = {isa = PBXBuildFile; fileRef = 4C8C7A5B2577C77700BB4D45 /* NowPlayingMinimizedViewController.swift */; };
		4C92A442252C5C1100376FCD /* LinearGradient+Init.swift in Sources */ = {isa = PBXBuildFile; fileRef = 4C92A441252C5C1100376FCD /* LinearGradient+Init.swift */; };
		4CA0ED48253CBDB1001E2ED7 /* NowPlayingBar.swift in Sources */ = {isa = PBXBuildFile; fileRef = 4CA0ED47253CBDB1001E2ED7 /* NowPlayingBar.swift */; };
		4CA71D442571168E00CF6980 /* PlaylistCollectionViewCell.swift in Sources */ = {isa = PBXBuildFile; fileRef = 4CA71D432571168E00CF6980 /* PlaylistCollectionViewCell.swift */; };
		4CA9332325668AA4003CC2F5 /* PlayingIndicatorView.swift in Sources */ = {isa = PBXBuildFile; fileRef = 4CA9332225668AA4003CC2F5 /* PlayingIndicatorView.swift */; };
		4CBA884F25A74E9E00B19D07 /* SectionHeaderCollectionViewCell.swift in Sources */ = {isa = PBXBuildFile; fileRef = 4CBA884E25A74E9E00B19D07 /* SectionHeaderCollectionViewCell.swift */; };
		4CC1A972257B06FA00D3A434 /* DismissAnimator.swift in Sources */ = {isa = PBXBuildFile; fileRef = 4CC1A971257B06FA00D3A434 /* DismissAnimator.swift */; };
		4CC1A977257B080B00D3A434 /* PresentAnimator.swift in Sources */ = {isa = PBXBuildFile; fileRef = 4CC1A976257B080B00D3A434 /* PresentAnimator.swift */; };
		4CC643A72542D506003E6EAE /* CurrentPlaylist.swift in Sources */ = {isa = PBXBuildFile; fileRef = 4CC643A62542D506003E6EAE /* CurrentPlaylist.swift */; };
		4CD4859B253AC1C5005265F3 /* ResourceType.swift in Sources */ = {isa = PBXBuildFile; fileRef = 4CD4859A253AC1C5005265F3 /* ResourceType.swift */; };
		4CD485A3253AC214005265F3 /* SongResource.swift in Sources */ = {isa = PBXBuildFile; fileRef = 4CD485A2253AC214005265F3 /* SongResource.swift */; };
		4CD485A8253AC364005265F3 /* AlbumResource.swift in Sources */ = {isa = PBXBuildFile; fileRef = 4CD485A7253AC364005265F3 /* AlbumResource.swift */; };
		4CD485AD253ACC9B005265F3 /* SongData.swift in Sources */ = {isa = PBXBuildFile; fileRef = 4CD485AC253ACC9B005265F3 /* SongData.swift */; };
		4CD485B2253ACE00005265F3 /* MediaType.swift in Sources */ = {isa = PBXBuildFile; fileRef = 4CD485B1253ACE00005265F3 /* MediaType.swift */; };
		4CD485BF253AD6D0005265F3 /* NowPlayingViewModel.swift in Sources */ = {isa = PBXBuildFile; fileRef = 4C1B7EE8252D05D0005A1424 /* NowPlayingViewModel.swift */; };
		4CEC2430256BADE100784F8B /* DeveloperToken.swift in Sources */ = {isa = PBXBuildFile; fileRef = 4CEC242F256BADE100784F8B /* DeveloperToken.swift */; };
		4CFB1DC7256F8D1B00546BA0 /* CreatePlaylistCollectionViewCell.swift in Sources */ = {isa = PBXBuildFile; fileRef = 4CFB1DC6256F8D1B00546BA0 /* CreatePlaylistCollectionViewCell.swift */; };
		4CFB1DCF256FAC4400546BA0 /* UIViewController+UserInfoAlert.swift in Sources */ = {isa = PBXBuildFile; fileRef = 4CFB1DCE256FAC4400546BA0 /* UIViewController+UserInfoAlert.swift */; };
		4CFE2AB8259096C50011B2EF /* NowPlayingCellContentView.swift in Sources */ = {isa = PBXBuildFile; fileRef = 4CFE2AB7259096C50011B2EF /* NowPlayingCellContentView.swift */; };
		4CFE2ABD2590982B0011B2EF /* NowPlayingCollectionViewCell.swift in Sources */ = {isa = PBXBuildFile; fileRef = 4CFE2ABC2590982B0011B2EF /* NowPlayingCollectionViewCell.swift */; };
/* End PBXBuildFile section */

/* Begin PBXContainerItemProxy section */
		4C646B1525296B8500B05D8A /* PBXContainerItemProxy */ = {
			isa = PBXContainerItemProxy;
			containerPortal = 4C646AF625296B8300B05D8A /* Project object */;
			proxyType = 1;
			remoteGlobalIDString = 4C646AFD25296B8300B05D8A;
			remoteInfo = "New-Music";
		};
		4C646B2025296B8500B05D8A /* PBXContainerItemProxy */ = {
			isa = PBXContainerItemProxy;
			containerPortal = 4C646AF625296B8300B05D8A /* Project object */;
			proxyType = 1;
			remoteGlobalIDString = 4C646AFD25296B8300B05D8A;
			remoteInfo = "New-Music";
		};
/* End PBXContainerItemProxy section */

/* Begin PBXFileReference section */
		4C0038A025BD2D7400EBD519 /* SettingsPresentationController.swift */ = {isa = PBXFileReference; lastKnownFileType = sourcecode.swift; path = SettingsPresentationController.swift; sourceTree = "<group>"; };
		4C0038A525BD2DEF00EBD519 /* SettingsViewController.swift */ = {isa = PBXFileReference; lastKnownFileType = sourcecode.swift; path = SettingsViewController.swift; sourceTree = "<group>"; };
		4C0038AB25BD2E4600EBD519 /* Setting.swift */ = {isa = PBXFileReference; lastKnownFileType = sourcecode.swift; path = Setting.swift; sourceTree = "<group>"; };
		4C0038B325BD2F0E00EBD519 /* SearchedSongSettingCollectionViewCell.swift */ = {isa = PBXFileReference; lastKnownFileType = sourcecode.swift; path = SearchedSongSettingCollectionViewCell.swift; sourceTree = "<group>"; };
		4C04E8A4253E5253001C0039 /* TransitionAnimator.swift */ = {isa = PBXFileReference; lastKnownFileType = sourcecode.swift; path = TransitionAnimator.swift; sourceTree = "<group>"; };
		4C04E8AC253E5C11001C0039 /* NowPlayingFullViewController.swift */ = {isa = PBXFileReference; lastKnownFileType = sourcecode.swift; path = NowPlayingFullViewController.swift; sourceTree = "<group>"; };
		4C04E8B7253E6083001C0039 /* Interactor.swift */ = {isa = PBXFileReference; lastKnownFileType = sourcecode.swift; path = Interactor.swift; sourceTree = "<group>"; };
		4C07BE1A25555CF000A2D85A /* InstantPanGestureRecognizer.swift */ = {isa = PBXFileReference; lastKnownFileType = sourcecode.swift; path = InstantPanGestureRecognizer.swift; sourceTree = "<group>"; };
		4C0FD8DC252AB79E003AA808 /* MusicController.swift */ = {isa = PBXFileReference; lastKnownFileType = sourcecode.swift; path = MusicController.swift; sourceTree = "<group>"; };
		4C0FD8E1252ADFC1003AA808 /* NowPlayingView.swift */ = {isa = PBXFileReference; lastKnownFileType = sourcecode.swift; path = NowPlayingView.swift; sourceTree = "<group>"; };
		4C0FD8E6252AF62E003AA808 /* Colors.swift */ = {isa = PBXFileReference; lastKnownFileType = sourcecode.swift; path = Colors.swift; sourceTree = "<group>"; };
		4C0FD8EB252B17D6003AA808 /* UIImage+SymbolConfig.swift */ = {isa = PBXFileReference; lastKnownFileType = sourcecode.swift; path = "UIImage+SymbolConfig.swift"; sourceTree = "<group>"; };
		4C10BCA3255BDFED00E005D1 /* SectionHeader.swift */ = {isa = PBXFileReference; lastKnownFileType = sourcecode.swift; path = SectionHeader.swift; sourceTree = "<group>"; };
		4C1218912558FF0F00164062 /* CurrentPlaylistCollectionViewCell.swift */ = {isa = PBXFileReference; lastKnownFileType = sourcecode.swift; path = CurrentPlaylistCollectionViewCell.swift; sourceTree = "<group>"; };
		4C13359B25722A24008208DC /* NeuMusicButton.swift */ = {isa = PBXFileReference; lastKnownFileType = sourcecode.swift; path = NeuMusicButton.swift; sourceTree = "<group>"; };
		4C153C31254C01C400A07DAD /* NowPlayingBarViewController.swift */ = {isa = PBXFileReference; lastKnownFileType = sourcecode.swift; path = NowPlayingBarViewController.swift; sourceTree = "<group>"; };
		4C1B03512566550700FDBEB5 /* PlayingIndicatorViewController.swift */ = {isa = PBXFileReference; lastKnownFileType = sourcecode.swift; path = PlayingIndicatorViewController.swift; sourceTree = "<group>"; };
		4C1B7EE8252D05D0005A1424 /* NowPlayingViewModel.swift */ = {isa = PBXFileReference; lastKnownFileType = sourcecode.swift; path = NowPlayingViewModel.swift; sourceTree = "<group>"; };
		4C1CA3BF25514F2E0074A711 /* NowPlayingTransitionCoordinator.swift */ = {isa = PBXFileReference; lastKnownFileType = sourcecode.swift; path = NowPlayingTransitionCoordinator.swift; sourceTree = "<group>"; };
		4C1E460B254D01A900E49F17 /* AppTabBarViewController.swift */ = {isa = PBXFileReference; lastKnownFileType = sourcecode.swift; path = AppTabBarViewController.swift; sourceTree = "<group>"; };
		4C2186E02544208500DFD391 /* NowPlayingFull.swift */ = {isa = PBXFileReference; lastKnownFileType = sourcecode.swift; path = NowPlayingFull.swift; sourceTree = "<group>"; };
		4C22EF84258CCA0D00032601 /* NowPlayingIndictorView.swift */ = {isa = PBXFileReference; lastKnownFileType = sourcecode.swift; path = NowPlayingIndictorView.swift; sourceTree = "<group>"; };
		4C27C3C12542BC600005BD01 /* PlaylistSongView.swift */ = {isa = PBXFileReference; lastKnownFileType = sourcecode.swift; path = PlaylistSongView.swift; sourceTree = "<group>"; };
		4C2AE15E25310BAE009164B8 /* Constants.swift */ = {isa = PBXFileReference; lastKnownFileType = sourcecode.swift; path = Constants.swift; sourceTree = "<group>"; };
		4C2C83C9256498FD00D4332F /* ChildVCCoordinator.swift */ = {isa = PBXFileReference; lastKnownFileType = sourcecode.swift; path = ChildVCCoordinator.swift; sourceTree = "<group>"; };
		4C319906258381E4007D9A3F /* NowPlayingBarAnimationView.swift */ = {isa = PBXFileReference; lastKnownFileType = sourcecode.swift; path = NowPlayingBarAnimationView.swift; sourceTree = "<group>"; };
		4C3272292547DA9700C5A169 /* ButtonBackgrounds.swift */ = {isa = PBXFileReference; lastKnownFileType = sourcecode.swift; path = ButtonBackgrounds.swift; sourceTree = "<group>"; };
		4C32722E2547DC3200C5A169 /* ButtonStyles.swift */ = {isa = PBXFileReference; lastKnownFileType = sourcecode.swift; path = ButtonStyles.swift; sourceTree = "<group>"; };
		4C3272362547DCBB00C5A169 /* MusicControlsView.swift */ = {isa = PBXFileReference; lastKnownFileType = sourcecode.swift; path = MusicControlsView.swift; sourceTree = "<group>"; };
		4C32723F2547DD4100C5A169 /* NeuButtons.swift */ = {isa = PBXFileReference; lastKnownFileType = sourcecode.swift; path = NeuButtons.swift; sourceTree = "<group>"; };
		4C3D1CE92547F34E0067F57E /* AlbumArtworkView.swift */ = {isa = PBXFileReference; lastKnownFileType = sourcecode.swift; path = AlbumArtworkView.swift; sourceTree = "<group>"; };
		4C3D1CF22547F7000067F57E /* TrackProgressBarView.swift */ = {isa = PBXFileReference; lastKnownFileType = sourcecode.swift; path = TrackProgressBarView.swift; sourceTree = "<group>"; };
		4C3D1CFB2547FCEC0067F57E /* NowPlayingFullView.swift */ = {isa = PBXFileReference; lastKnownFileType = sourcecode.swift; path = NowPlayingFullView.swift; sourceTree = "<group>"; };
		4C3D1D042547FF7E0067F57E /* NowPlayingBarView.swift */ = {isa = PBXFileReference; lastKnownFileType = sourcecode.swift; path = NowPlayingBarView.swift; sourceTree = "<group>"; };
		4C3F349725A94A4F00AD9BC1 /* SectionFooterCollectionViewCell.swift */ = {isa = PBXFileReference; lastKnownFileType = sourcecode.swift; path = SectionFooterCollectionViewCell.swift; sourceTree = "<group>"; };
		4C4312DE259DFF2800B8804F /* SongsSearchedCollectionViewCell.swift */ = {isa = PBXFileReference; lastKnownFileType = sourcecode.swift; path = SongsSearchedCollectionViewCell.swift; sourceTree = "<group>"; };
		4C4BB607253C07C3005B086A /* MockSearchResults.json */ = {isa = PBXFileReference; lastKnownFileType = text.json; path = MockSearchResults.json; sourceTree = "<group>"; };
		4C4BB612253C121E005B086A /* SearchResult.swift */ = {isa = PBXFileReference; lastKnownFileType = sourcecode.swift; path = SearchResult.swift; sourceTree = "<group>"; };
		4C4BB61D253C2BE2005B086A /* AlbumData.swift */ = {isa = PBXFileReference; lastKnownFileType = sourcecode.swift; path = AlbumData.swift; sourceTree = "<group>"; };
		4C4BB625253C2C94005B086A /* Album.swift */ = {isa = PBXFileReference; lastKnownFileType = sourcecode.swift; path = Album.swift; sourceTree = "<group>"; };
		4C53F0272546CD3E00F575E1 /* ViewControllerWrapper.swift */ = {isa = PBXFileReference; lastKnownFileType = sourcecode.swift; path = ViewControllerWrapper.swift; sourceTree = "<group>"; };
		4C55CE68256D2CAF00A55F4B /* CoreDataStack.swift */ = {isa = PBXFileReference; lastKnownFileType = sourcecode.swift; path = CoreDataStack.swift; sourceTree = "<group>"; };
		4C55CE71256D2D4700A55F4B /* Playlist.xcdatamodel */ = {isa = PBXFileReference; lastKnownFileType = wrapper.xcdatamodel; path = Playlist.xcdatamodel; sourceTree = "<group>"; };
		4C5F40EB256DE5C400DBDA8C /* PlaylistSong+Convenience.swift */ = {isa = PBXFileReference; lastKnownFileType = sourcecode.swift; path = "PlaylistSong+Convenience.swift"; sourceTree = "<group>"; };
		4C5F40F1256DFB9500DBDA8C /* PersistedPlaylist+Convenience.swift */ = {isa = PBXFileReference; lastKnownFileType = sourcecode.swift; path = "PersistedPlaylist+Convenience.swift"; sourceTree = "<group>"; };
		4C5F40F7256DFC6A00DBDA8C /* Playlist.swift */ = {isa = PBXFileReference; lastKnownFileType = sourcecode.swift; path = Playlist.swift; sourceTree = "<group>"; };
		4C5F40FF256E484E00DBDA8C /* CreatePlaylistViewController.swift */ = {isa = PBXFileReference; lastKnownFileType = sourcecode.swift; path = CreatePlaylistViewController.swift; sourceTree = "<group>"; };
		4C646AFE25296B8300B05D8A /* New-Music.app */ = {isa = PBXFileReference; explicitFileType = wrapper.application; includeInIndex = 0; path = "New-Music.app"; sourceTree = BUILT_PRODUCTS_DIR; };
		4C646B0125296B8300B05D8A /* AppDelegate.swift */ = {isa = PBXFileReference; lastKnownFileType = sourcecode.swift; path = AppDelegate.swift; sourceTree = "<group>"; };
		4C646B0325296B8300B05D8A /* SceneDelegate.swift */ = {isa = PBXFileReference; lastKnownFileType = sourcecode.swift; path = SceneDelegate.swift; sourceTree = "<group>"; };
		4C646B0825296B8300B05D8A /* Base */ = {isa = PBXFileReference; lastKnownFileType = file.storyboard; name = Base; path = Base.lproj/Main.storyboard; sourceTree = "<group>"; };
		4C646B0A25296B8500B05D8A /* Assets.xcassets */ = {isa = PBXFileReference; lastKnownFileType = folder.assetcatalog; path = Assets.xcassets; sourceTree = "<group>"; };
		4C646B0D25296B8500B05D8A /* Base */ = {isa = PBXFileReference; lastKnownFileType = file.storyboard; name = Base; path = Base.lproj/LaunchScreen.storyboard; sourceTree = "<group>"; };
		4C646B0F25296B8500B05D8A /* Info.plist */ = {isa = PBXFileReference; lastKnownFileType = text.plist.xml; path = Info.plist; sourceTree = "<group>"; };
		4C646B1425296B8500B05D8A /* New-MusicTests.xctest */ = {isa = PBXFileReference; explicitFileType = wrapper.cfbundle; includeInIndex = 0; path = "New-MusicTests.xctest"; sourceTree = BUILT_PRODUCTS_DIR; };
		4C646B1825296B8500B05D8A /* New_MusicTests.swift */ = {isa = PBXFileReference; lastKnownFileType = sourcecode.swift; path = New_MusicTests.swift; sourceTree = "<group>"; };
		4C646B1A25296B8500B05D8A /* Info.plist */ = {isa = PBXFileReference; lastKnownFileType = text.plist.xml; path = Info.plist; sourceTree = "<group>"; };
		4C646B1F25296B8500B05D8A /* New-MusicUITests.xctest */ = {isa = PBXFileReference; explicitFileType = wrapper.cfbundle; includeInIndex = 0; path = "New-MusicUITests.xctest"; sourceTree = BUILT_PRODUCTS_DIR; };
		4C646B2325296B8500B05D8A /* New_MusicUITests.swift */ = {isa = PBXFileReference; lastKnownFileType = sourcecode.swift; path = New_MusicUITests.swift; sourceTree = "<group>"; };
		4C646B2525296B8500B05D8A /* Info.plist */ = {isa = PBXFileReference; lastKnownFileType = text.plist.xml; path = Info.plist; sourceTree = "<group>"; };
		4C646B3525296BE500B05D8A /* MainCoordinator.swift */ = {isa = PBXFileReference; lastKnownFileType = sourcecode.swift; path = MainCoordinator.swift; sourceTree = "<group>"; };
		4C646B4225296C8A00B05D8A /* UIView+Constraints.swift */ = {isa = PBXFileReference; lastKnownFileType = sourcecode.swift; path = "UIView+Constraints.swift"; sourceTree = "<group>"; };
		4C646B4A25296CCA00B05D8A /* AuthController.swift */ = {isa = PBXFileReference; lastKnownFileType = sourcecode.swift; path = AuthController.swift; sourceTree = "<group>"; };
		4C646B4F25296CFB00B05D8A /* APIController.swift */ = {isa = PBXFileReference; lastKnownFileType = sourcecode.swift; path = APIController.swift; sourceTree = "<group>"; };
		4C646B5425296D2400B05D8A /* Results.swift */ = {isa = PBXFileReference; lastKnownFileType = sourcecode.swift; path = Results.swift; sourceTree = "<group>"; };
		4C646B5925296D4100B05D8A /* Song.swift */ = {isa = PBXFileReference; lastKnownFileType = sourcecode.swift; path = Song.swift; sourceTree = "<group>"; };
		4C646B5E25296D7A00B05D8A /* NetworkError+Init.swift */ = {isa = PBXFileReference; lastKnownFileType = sourcecode.swift; path = "NetworkError+Init.swift"; sourceTree = "<group>"; };
		4C646B6325296DCA00B05D8A /* NowPlayingViewController.swift */ = {isa = PBXFileReference; lastKnownFileType = sourcecode.swift; path = NowPlayingViewController.swift; sourceTree = "<group>"; };
		4C646B6825296DF900B05D8A /* SearchViewController.swift */ = {isa = PBXFileReference; lastKnownFileType = sourcecode.swift; path = SearchViewController.swift; sourceTree = "<group>"; };
		4C646B6D25296E0B00B05D8A /* PlaylistViewController.swift */ = {isa = PBXFileReference; lastKnownFileType = sourcecode.swift; path = PlaylistViewController.swift; sourceTree = "<group>"; };
		4C646B8125296FB400B05D8A /* UIColors.swift */ = {isa = PBXFileReference; lastKnownFileType = sourcecode.swift; path = UIColors.swift; sourceTree = "<group>"; };
		4C646B862529725800B05D8A /* SongsCollectionViewCell.swift */ = {isa = PBXFileReference; lastKnownFileType = sourcecode.swift; path = SongsCollectionViewCell.swift; sourceTree = "<group>"; };
		4C646B8B2529726600B05D8A /* AlbumsCollectionViewCell.swift */ = {isa = PBXFileReference; lastKnownFileType = sourcecode.swift; path = AlbumsCollectionViewCell.swift; sourceTree = "<group>"; };
		4C646B902529727200B05D8A /* ArtistCollectionViewCell.swift */ = {isa = PBXFileReference; lastKnownFileType = sourcecode.swift; path = ArtistCollectionViewCell.swift; sourceTree = "<group>"; };
		4C646B952529759000B05D8A /* Section.swift */ = {isa = PBXFileReference; lastKnownFileType = sourcecode.swift; path = Section.swift; sourceTree = "<group>"; };
		4C646B9A2529769900B05D8A /* SelfConfiguringCell.swift */ = {isa = PBXFileReference; lastKnownFileType = sourcecode.swift; path = SelfConfiguringCell.swift; sourceTree = "<group>"; };
		4C6E64692563E88B00353615 /* Protocols.swift */ = {isa = PBXFileReference; lastKnownFileType = sourcecode.swift; path = Protocols.swift; sourceTree = "<group>"; };
		4C6F58A92574BFE700511E9C /* UserInfo+CodingUserInfoKey.swift */ = {isa = PBXFileReference; lastKnownFileType = sourcecode.swift; path = "UserInfo+CodingUserInfoKey.swift"; sourceTree = "<group>"; };
		4C6F58AE2574E65F00511E9C /* PlaylistCellContentView.swift */ = {isa = PBXFileReference; lastKnownFileType = sourcecode.swift; path = PlaylistCellContentView.swift; sourceTree = "<group>"; };
		4C71CA64253ED48D0039C127 /* NowPlayingPresentationController.swift */ = {isa = PBXFileReference; lastKnownFileType = sourcecode.swift; path = NowPlayingPresentationController.swift; sourceTree = "<group>"; };
		4C7291E525497BA50028A5C0 /* ModalPresentation+SwiftUI.swift */ = {isa = PBXFileReference; lastKnownFileType = sourcecode.swift; path = "ModalPresentation+SwiftUI.swift"; sourceTree = "<group>"; };
		4C83037D258ACF1E00E4860F /* NowPlayingViewFull.swift */ = {isa = PBXFileReference; lastKnownFileType = sourcecode.swift; path = NowPlayingViewFull.swift; sourceTree = "<group>"; };
		4C83038B258B5AC400E4860F /* GetFrameViewModifier.swift */ = {isa = PBXFileReference; lastKnownFileType = sourcecode.swift; path = GetFrameViewModifier.swift; sourceTree = "<group>"; };
		4C830393258B84FB00E4860F /* NowPlayingFullView2.swift */ = {isa = PBXFileReference; lastKnownFileType = sourcecode.swift; path = NowPlayingFullView2.swift; sourceTree = "<group>"; };
		4C87CE8B252DB578001B9935 /* Notifications.swift */ = {isa = PBXFileReference; lastKnownFileType = sourcecode.swift; path = Notifications.swift; sourceTree = "<group>"; };
		4C8BF22A25BD7C3D003497EB /* ExistingPlaylistCollectionViewCell.swift */ = {isa = PBXFileReference; lastKnownFileType = sourcecode.swift; path = ExistingPlaylistCollectionViewCell.swift; sourceTree = "<group>"; };
		4C8C7A4A2577AC2300BB4D45 /* HostingViewController.swift */ = {isa = PBXFileReference; lastKnownFileType = sourcecode.swift; path = HostingViewController.swift; sourceTree = "<group>"; };
		4C8C7A5B2577C77700BB4D45 /* NowPlayingMinimizedViewController.swift */ = {isa = PBXFileReference; lastKnownFileType = sourcecode.swift; path = NowPlayingMinimizedViewController.swift; sourceTree = "<group>"; };
		4C92A441252C5C1100376FCD /* LinearGradient+Init.swift */ = {isa = PBXFileReference; lastKnownFileType = sourcecode.swift; path = "LinearGradient+Init.swift"; sourceTree = "<group>"; };
		4CA0ED47253CBDB1001E2ED7 /* NowPlayingBar.swift */ = {isa = PBXFileReference; lastKnownFileType = sourcecode.swift; path = NowPlayingBar.swift; sourceTree = "<group>"; };
		4CA71D432571168E00CF6980 /* PlaylistCollectionViewCell.swift */ = {isa = PBXFileReference; lastKnownFileType = sourcecode.swift; path = PlaylistCollectionViewCell.swift; sourceTree = "<group>"; };
		4CA9332225668AA4003CC2F5 /* PlayingIndicatorView.swift */ = {isa = PBXFileReference; lastKnownFileType = sourcecode.swift; path = PlayingIndicatorView.swift; sourceTree = "<group>"; };
		4CBA884E25A74E9E00B19D07 /* SectionHeaderCollectionViewCell.swift */ = {isa = PBXFileReference; lastKnownFileType = sourcecode.swift; path = SectionHeaderCollectionViewCell.swift; sourceTree = "<group>"; };
		4CC1A971257B06FA00D3A434 /* DismissAnimator.swift */ = {isa = PBXFileReference; lastKnownFileType = sourcecode.swift; path = DismissAnimator.swift; sourceTree = "<group>"; };
		4CC1A976257B080B00D3A434 /* PresentAnimator.swift */ = {isa = PBXFileReference; lastKnownFileType = sourcecode.swift; path = PresentAnimator.swift; sourceTree = "<group>"; };
		4CC643A62542D506003E6EAE /* CurrentPlaylist.swift */ = {isa = PBXFileReference; lastKnownFileType = sourcecode.swift; path = CurrentPlaylist.swift; sourceTree = "<group>"; };
		4CD4859A253AC1C5005265F3 /* ResourceType.swift */ = {isa = PBXFileReference; lastKnownFileType = sourcecode.swift; path = ResourceType.swift; sourceTree = "<group>"; };
		4CD485A2253AC214005265F3 /* SongResource.swift */ = {isa = PBXFileReference; lastKnownFileType = sourcecode.swift; path = SongResource.swift; sourceTree = "<group>"; };
		4CD485A7253AC364005265F3 /* AlbumResource.swift */ = {isa = PBXFileReference; lastKnownFileType = sourcecode.swift; path = AlbumResource.swift; sourceTree = "<group>"; };
		4CD485AC253ACC9B005265F3 /* SongData.swift */ = {isa = PBXFileReference; lastKnownFileType = sourcecode.swift; path = SongData.swift; sourceTree = "<group>"; };
		4CD485B1253ACE00005265F3 /* MediaType.swift */ = {isa = PBXFileReference; lastKnownFileType = sourcecode.swift; path = MediaType.swift; sourceTree = "<group>"; };
		4CEC242F256BADE100784F8B /* DeveloperToken.swift */ = {isa = PBXFileReference; lastKnownFileType = sourcecode.swift; path = DeveloperToken.swift; sourceTree = "<group>"; };
		4CFB1DC6256F8D1B00546BA0 /* CreatePlaylistCollectionViewCell.swift */ = {isa = PBXFileReference; lastKnownFileType = sourcecode.swift; path = CreatePlaylistCollectionViewCell.swift; sourceTree = "<group>"; };
		4CFB1DCE256FAC4400546BA0 /* UIViewController+UserInfoAlert.swift */ = {isa = PBXFileReference; lastKnownFileType = sourcecode.swift; path = "UIViewController+UserInfoAlert.swift"; sourceTree = "<group>"; };
		4CFE2AB7259096C50011B2EF /* NowPlayingCellContentView.swift */ = {isa = PBXFileReference; lastKnownFileType = sourcecode.swift; path = NowPlayingCellContentView.swift; sourceTree = "<group>"; };
		4CFE2ABC2590982B0011B2EF /* NowPlayingCollectionViewCell.swift */ = {isa = PBXFileReference; lastKnownFileType = sourcecode.swift; path = NowPlayingCollectionViewCell.swift; sourceTree = "<group>"; };
/* End PBXFileReference section */

/* Begin PBXFrameworksBuildPhase section */
		4C646AFB25296B8300B05D8A /* Frameworks */ = {
			isa = PBXFrameworksBuildPhase;
			buildActionMask = 2147483647;
			files = (
			);
			runOnlyForDeploymentPostprocessing = 0;
		};
		4C646B1125296B8500B05D8A /* Frameworks */ = {
			isa = PBXFrameworksBuildPhase;
			buildActionMask = 2147483647;
			files = (
			);
			runOnlyForDeploymentPostprocessing = 0;
		};
		4C646B1C25296B8500B05D8A /* Frameworks */ = {
			isa = PBXFrameworksBuildPhase;
			buildActionMask = 2147483647;
			files = (
			);
			runOnlyForDeploymentPostprocessing = 0;
		};
/* End PBXFrameworksBuildPhase section */

/* Begin PBXGroup section */
		4C00389F25BD2D5400EBD519 /* PresentationControllers */ = {
			isa = PBXGroup;
			children = (
				4C0038A025BD2D7400EBD519 /* SettingsPresentationController.swift */,
			);
			path = PresentationControllers;
			sourceTree = "<group>";
		};
		4C0038AA25BD2E2700EBD519 /* Settings */ = {
			isa = PBXGroup;
			children = (
				4C0038AB25BD2E4600EBD519 /* Setting.swift */,
			);
			path = Settings;
			sourceTree = "<group>";
		};
		4C06DE51254F65F200897208 /* AnimatedTransistions */ = {
			isa = PBXGroup;
			children = (
				4C00389F25BD2D5400EBD519 /* PresentationControllers */,
				4C04E8A4253E5253001C0039 /* TransitionAnimator.swift */,
				4C04E8B7253E6083001C0039 /* Interactor.swift */,
				4C1CA3BF25514F2E0074A711 /* NowPlayingTransitionCoordinator.swift */,
				4C71CA64253ED48D0039C127 /* NowPlayingPresentationController.swift */,
				4CC1A971257B06FA00D3A434 /* DismissAnimator.swift */,
				4CC1A976257B080B00D3A434 /* PresentAnimator.swift */,
			);
			path = AnimatedTransistions;
			sourceTree = "<group>";
		};
		4C1218902558FEDB00164062 /* CollectionViewCells */ = {
			isa = PBXGroup;
			children = (
				4CA71D422571165000CF6980 /* CollectionViewListCells */,
				4C646B862529725800B05D8A /* SongsCollectionViewCell.swift */,
				4C646B8B2529726600B05D8A /* AlbumsCollectionViewCell.swift */,
				4C646B902529727200B05D8A /* ArtistCollectionViewCell.swift */,
				4C1218912558FF0F00164062 /* CurrentPlaylistCollectionViewCell.swift */,
				4C10BCA3255BDFED00E005D1 /* SectionHeader.swift */,
				4CFB1DC6256F8D1B00546BA0 /* CreatePlaylistCollectionViewCell.swift */,
			);
			path = CollectionViewCells;
			sourceTree = "<group>";
		};
		4C13359A25722A0A008208DC /* UIKit-PlayButton */ = {
			isa = PBXGroup;
			children = (
				4C13359B25722A24008208DC /* NeuMusicButton.swift */,
			);
			path = "UIKit-PlayButton";
			sourceTree = "<group>";
		};
		4C32723E2547DCEF00C5A169 /* Buttons */ = {
			isa = PBXGroup;
			children = (
				4C3272292547DA9700C5A169 /* ButtonBackgrounds.swift */,
				4C32722E2547DC3200C5A169 /* ButtonStyles.swift */,
				4C32723F2547DD4100C5A169 /* NeuButtons.swift */,
				4C3272362547DCBB00C5A169 /* MusicControlsView.swift */,
			);
			path = Buttons;
			sourceTree = "<group>";
		};
		4C3D1CE82547F2D00067F57E /* AlbumArtworkView */ = {
			isa = PBXGroup;
			children = (
				4C3D1CE92547F34E0067F57E /* AlbumArtworkView.swift */,
			);
			path = AlbumArtworkView;
			sourceTree = "<group>";
		};
		4C3D1CF12547F6CD0067F57E /* TrackProgressView */ = {
			isa = PBXGroup;
			children = (
				4C3D1CF22547F7000067F57E /* TrackProgressBarView.swift */,
			);
			path = TrackProgressView;
			sourceTree = "<group>";
		};
		4C3D1CFA2547FCD30067F57E /* NowPlayingFullView */ = {
			isa = PBXGroup;
			children = (
				4C3D1CFB2547FCEC0067F57E /* NowPlayingFullView.swift */,
				4C83037D258ACF1E00E4860F /* NowPlayingViewFull.swift */,
				4C830393258B84FB00E4860F /* NowPlayingFullView2.swift */,
			);
			path = NowPlayingFullView;
			sourceTree = "<group>";
		};
		4C3D1D032547FF660067F57E /* NowPlayingBarView */ = {
			isa = PBXGroup;
			children = (
				4C3D1D042547FF7E0067F57E /* NowPlayingBarView.swift */,
				4C319906258381E4007D9A3F /* NowPlayingBarAnimationView.swift */,
			);
			path = NowPlayingBarView;
			sourceTree = "<group>";
		};
		4C4BB622253C2C27005B086A /* SongModels */ = {
			isa = PBXGroup;
			children = (
				4CD485A2253AC214005265F3 /* SongResource.swift */,
				4CD485AC253ACC9B005265F3 /* SongData.swift */,
				4C646B5925296D4100B05D8A /* Song.swift */,
				4CC643A62542D506003E6EAE /* CurrentPlaylist.swift */,
			);
			path = SongModels;
			sourceTree = "<group>";
		};
		4C4BB623253C2C5F005B086A /* AlbumModels */ = {
			isa = PBXGroup;
			children = (
				4CD485A7253AC364005265F3 /* AlbumResource.swift */,
				4C4BB61D253C2BE2005B086A /* AlbumData.swift */,
				4C4BB625253C2C94005B086A /* Album.swift */,
			);
			path = AlbumModels;
			sourceTree = "<group>";
		};
		4C4BB624253C2C76005B086A /* ResponseRoot */ = {
			isa = PBXGroup;
			children = (
				4C4BB612253C121E005B086A /* SearchResult.swift */,
				4CD4859A253AC1C5005265F3 /* ResourceType.swift */,
			);
			path = ResponseRoot;
			sourceTree = "<group>";
		};
		4C55CE67256D2C9800A55F4B /* CoreData */ = {
			isa = PBXGroup;
			children = (
				4C55CE68256D2CAF00A55F4B /* CoreDataStack.swift */,
				4C55CE70256D2D4700A55F4B /* Playlist.xcdatamodeld */,
			);
			path = CoreData;
			sourceTree = "<group>";
		};
		4C586BDD2562389700277E6A /* NowPlayingIndicatorView */ = {
			isa = PBXGroup;
			children = (
				4CA9332225668AA4003CC2F5 /* PlayingIndicatorView.swift */,
				4C22EF84258CCA0D00032601 /* NowPlayingIndictorView.swift */,
			);
			path = NowPlayingIndicatorView;
			sourceTree = "<group>";
		};
		4C5F40F6256DFC4D00DBDA8C /* Playlist */ = {
			isa = PBXGroup;
			children = (
				4C5F40F7256DFC6A00DBDA8C /* Playlist.swift */,
			);
			path = Playlist;
			sourceTree = "<group>";
		};
		4C646AF525296B8300B05D8A = {
			isa = PBXGroup;
			children = (
				4C646B0025296B8300B05D8A /* New-Music */,
				4C646B1725296B8500B05D8A /* New-MusicTests */,
				4C646B2225296B8500B05D8A /* New-MusicUITests */,
				4C646AFF25296B8300B05D8A /* Products */,
			);
			sourceTree = "<group>";
		};
		4C646AFF25296B8300B05D8A /* Products */ = {
			isa = PBXGroup;
			children = (
				4C646AFE25296B8300B05D8A /* New-Music.app */,
				4C646B1425296B8500B05D8A /* New-MusicTests.xctest */,
				4C646B1F25296B8500B05D8A /* New-MusicUITests.xctest */,
			);
			name = Products;
			sourceTree = "<group>";
		};
		4C646B0025296B8300B05D8A /* New-Music */ = {
			isa = PBXGroup;
			children = (
				4C06DE51254F65F200897208 /* AnimatedTransistions */,
				4C646B4125296C4900B05D8A /* Helpers+Extensions */,
				4C646B4025296C3F00B05D8A /* ViewControllers */,
				4C646B3F25296C3400B05D8A /* Views */,
				4C646B3E25296C2200B05D8A /* ViewModels+ModelControllers */,
				4C646B3D25296C1B00B05D8A /* Models */,
				4C646B3425296BBA00B05D8A /* Coordinators */,
				4C646B7725296EDA00B05D8A /* Resources */,
				4C646B0725296B8300B05D8A /* Main.storyboard */,
				4C646B0C25296B8500B05D8A /* LaunchScreen.storyboard */,
			);
			path = "New-Music";
			sourceTree = "<group>";
		};
		4C646B1725296B8500B05D8A /* New-MusicTests */ = {
			isa = PBXGroup;
			children = (
				4C646B1825296B8500B05D8A /* New_MusicTests.swift */,
				4C4BB607253C07C3005B086A /* MockSearchResults.json */,
				4C646B1A25296B8500B05D8A /* Info.plist */,
			);
			path = "New-MusicTests";
			sourceTree = "<group>";
		};
		4C646B2225296B8500B05D8A /* New-MusicUITests */ = {
			isa = PBXGroup;
			children = (
				4C646B2325296B8500B05D8A /* New_MusicUITests.swift */,
				4C646B2525296B8500B05D8A /* Info.plist */,
			);
			path = "New-MusicUITests";
			sourceTree = "<group>";
		};
		4C646B3425296BBA00B05D8A /* Coordinators */ = {
			isa = PBXGroup;
			children = (
				4C646B3525296BE500B05D8A /* MainCoordinator.swift */,
				4C2C83C9256498FD00D4332F /* ChildVCCoordinator.swift */,
			);
			path = Coordinators;
			sourceTree = "<group>";
		};
		4C646B3D25296C1B00B05D8A /* Models */ = {
			isa = PBXGroup;
			children = (
				4C0038AA25BD2E2700EBD519 /* Settings */,
				4C5F40F6256DFC4D00DBDA8C /* Playlist */,
				4C55CE67256D2C9800A55F4B /* CoreData */,
				4C4BB624253C2C76005B086A /* ResponseRoot */,
				4C4BB623253C2C5F005B086A /* AlbumModels */,
				4C4BB622253C2C27005B086A /* SongModels */,
				4C646B5425296D2400B05D8A /* Results.swift */,
				4C646B952529759000B05D8A /* Section.swift */,
				4CD485B1253ACE00005265F3 /* MediaType.swift */,
			);
			path = Models;
			sourceTree = "<group>";
		};
		4C646B3E25296C2200B05D8A /* ViewModels+ModelControllers */ = {
			isa = PBXGroup;
			children = (
				4C646B4A25296CCA00B05D8A /* AuthController.swift */,
				4C646B4F25296CFB00B05D8A /* APIController.swift */,
				4C0FD8DC252AB79E003AA808 /* MusicController.swift */,
				4C1B7EE8252D05D0005A1424 /* NowPlayingViewModel.swift */,
			);
			path = "ViewModels+ModelControllers";
			sourceTree = "<group>";
		};
		4C646B3F25296C3400B05D8A /* Views */ = {
			isa = PBXGroup;
			children = (
				4C83038A258B5A4900E4860F /* ViewModifiers */,
				4C13359A25722A0A008208DC /* UIKit-PlayButton */,
				4C586BDD2562389700277E6A /* NowPlayingIndicatorView */,
				4C1218902558FEDB00164062 /* CollectionViewCells */,
				4C3D1D032547FF660067F57E /* NowPlayingBarView */,
				4C3D1CFA2547FCD30067F57E /* NowPlayingFullView */,
				4C3D1CF12547F6CD0067F57E /* TrackProgressView */,
				4C3D1CE82547F2D00067F57E /* AlbumArtworkView */,
				4C32723E2547DCEF00C5A169 /* Buttons */,
				4CA0ED4F253CEC48001E2ED7 /* NowPlayingViewState */,
				4C27C3C12542BC600005BD01 /* PlaylistSongView.swift */,
				4C53F0272546CD3E00F575E1 /* ViewControllerWrapper.swift */,
			);
			path = Views;
			sourceTree = "<group>";
		};
		4C646B4025296C3F00B05D8A /* ViewControllers */ = {
			isa = PBXGroup;
			children = (
				4C646B6325296DCA00B05D8A /* NowPlayingViewController.swift */,
				4C646B6825296DF900B05D8A /* SearchViewController.swift */,
				4C646B6D25296E0B00B05D8A /* PlaylistViewController.swift */,
				4C04E8AC253E5C11001C0039 /* NowPlayingFullViewController.swift */,
				4C153C31254C01C400A07DAD /* NowPlayingBarViewController.swift */,
				4C1E460B254D01A900E49F17 /* AppTabBarViewController.swift */,
				4C1B03512566550700FDBEB5 /* PlayingIndicatorViewController.swift */,
				4C5F40FF256E484E00DBDA8C /* CreatePlaylistViewController.swift */,
				4C8C7A4A2577AC2300BB4D45 /* HostingViewController.swift */,
				4C8C7A5B2577C77700BB4D45 /* NowPlayingMinimizedViewController.swift */,
				4C0038A525BD2DEF00EBD519 /* SettingsViewController.swift */,
			);
			path = ViewControllers;
			sourceTree = "<group>";
		};
		4C646B4125296C4900B05D8A /* Helpers+Extensions */ = {
			isa = PBXGroup;
			children = (
				4C646B4225296C8A00B05D8A /* UIView+Constraints.swift */,
				4C646B5E25296D7A00B05D8A /* NetworkError+Init.swift */,
				4C646B8125296FB400B05D8A /* UIColors.swift */,
				4C0FD8E6252AF62E003AA808 /* Colors.swift */,
				4C0FD8EB252B17D6003AA808 /* UIImage+SymbolConfig.swift */,
				4C92A441252C5C1100376FCD /* LinearGradient+Init.swift */,
				4C87CE8B252DB578001B9935 /* Notifications.swift */,
				4C2AE15E25310BAE009164B8 /* Constants.swift */,
				4C7291E525497BA50028A5C0 /* ModalPresentation+SwiftUI.swift */,
				4C646B9A2529769900B05D8A /* SelfConfiguringCell.swift */,
				4C07BE1A25555CF000A2D85A /* InstantPanGestureRecognizer.swift */,
				4C6E64692563E88B00353615 /* Protocols.swift */,
				4CEC242F256BADE100784F8B /* DeveloperToken.swift */,
				4C5F40EB256DE5C400DBDA8C /* PlaylistSong+Convenience.swift */,
				4C5F40F1256DFB9500DBDA8C /* PersistedPlaylist+Convenience.swift */,
				4CFB1DCE256FAC4400546BA0 /* UIViewController+UserInfoAlert.swift */,
				4C6F58A92574BFE700511E9C /* UserInfo+CodingUserInfoKey.swift */,
			);
			path = "Helpers+Extensions";
			sourceTree = "<group>";
		};
		4C646B7725296EDA00B05D8A /* Resources */ = {
			isa = PBXGroup;
			children = (
				4C646B0125296B8300B05D8A /* AppDelegate.swift */,
				4C646B0325296B8300B05D8A /* SceneDelegate.swift */,
				4C646B0A25296B8500B05D8A /* Assets.xcassets */,
				4C646B0F25296B8500B05D8A /* Info.plist */,
			);
			path = Resources;
			sourceTree = "<group>";
		};
		4C83038A258B5A4900E4860F /* ViewModifiers */ = {
			isa = PBXGroup;
			children = (
				4C83038B258B5AC400E4860F /* GetFrameViewModifier.swift */,
			);
			path = ViewModifiers;
			sourceTree = "<group>";
		};
		4CA0ED4F253CEC48001E2ED7 /* NowPlayingViewState */ = {
			isa = PBXGroup;
			children = (
				4C0FD8E1252ADFC1003AA808 /* NowPlayingView.swift */,
				4C2186E02544208500DFD391 /* NowPlayingFull.swift */,
				4CA0ED47253CBDB1001E2ED7 /* NowPlayingBar.swift */,
			);
			path = NowPlayingViewState;
			sourceTree = "<group>";
		};
		4CA71D422571165000CF6980 /* CollectionViewListCells */ = {
			isa = PBXGroup;
			children = (
				4CA71D432571168E00CF6980 /* PlaylistCollectionViewCell.swift */,
				4C6F58AE2574E65F00511E9C /* PlaylistCellContentView.swift */,
				4CFE2AB7259096C50011B2EF /* NowPlayingCellContentView.swift */,
				4CFE2ABC2590982B0011B2EF /* NowPlayingCollectionViewCell.swift */,
				4C4312DE259DFF2800B8804F /* SongsSearchedCollectionViewCell.swift */,
				4CBA884E25A74E9E00B19D07 /* SectionHeaderCollectionViewCell.swift */,
				4C3F349725A94A4F00AD9BC1 /* SectionFooterCollectionViewCell.swift */,
				4C0038B325BD2F0E00EBD519 /* SearchedSongSettingCollectionViewCell.swift */,
				4C8BF22A25BD7C3D003497EB /* ExistingPlaylistCollectionViewCell.swift */,
			);
			path = CollectionViewListCells;
			sourceTree = "<group>";
		};
/* End PBXGroup section */

/* Begin PBXNativeTarget section */
		4C646AFD25296B8300B05D8A /* New-Music */ = {
			isa = PBXNativeTarget;
			buildConfigurationList = 4C646B2825296B8500B05D8A /* Build configuration list for PBXNativeTarget "New-Music" */;
			buildPhases = (
				4C646AFA25296B8300B05D8A /* Sources */,
				4C646AFB25296B8300B05D8A /* Frameworks */,
				4C646AFC25296B8300B05D8A /* Resources */,
			);
			buildRules = (
			);
			dependencies = (
			);
			name = "New-Music";
			packageProductDependencies = (
			);
			productName = "New-Music";
			productReference = 4C646AFE25296B8300B05D8A /* New-Music.app */;
			productType = "com.apple.product-type.application";
		};
		4C646B1325296B8500B05D8A /* New-MusicTests */ = {
			isa = PBXNativeTarget;
			buildConfigurationList = 4C646B2B25296B8500B05D8A /* Build configuration list for PBXNativeTarget "New-MusicTests" */;
			buildPhases = (
				4C646B1025296B8500B05D8A /* Sources */,
				4C646B1125296B8500B05D8A /* Frameworks */,
				4C646B1225296B8500B05D8A /* Resources */,
			);
			buildRules = (
			);
			dependencies = (
				4C646B1625296B8500B05D8A /* PBXTargetDependency */,
			);
			name = "New-MusicTests";
			productName = "New-MusicTests";
			productReference = 4C646B1425296B8500B05D8A /* New-MusicTests.xctest */;
			productType = "com.apple.product-type.bundle.unit-test";
		};
		4C646B1E25296B8500B05D8A /* New-MusicUITests */ = {
			isa = PBXNativeTarget;
			buildConfigurationList = 4C646B2E25296B8500B05D8A /* Build configuration list for PBXNativeTarget "New-MusicUITests" */;
			buildPhases = (
				4C646B1B25296B8500B05D8A /* Sources */,
				4C646B1C25296B8500B05D8A /* Frameworks */,
				4C646B1D25296B8500B05D8A /* Resources */,
			);
			buildRules = (
			);
			dependencies = (
				4C646B2125296B8500B05D8A /* PBXTargetDependency */,
			);
			name = "New-MusicUITests";
			productName = "New-MusicUITests";
			productReference = 4C646B1F25296B8500B05D8A /* New-MusicUITests.xctest */;
			productType = "com.apple.product-type.bundle.ui-testing";
		};
/* End PBXNativeTarget section */

/* Begin PBXProject section */
		4C646AF625296B8300B05D8A /* Project object */ = {
			isa = PBXProject;
			attributes = {
				LastSwiftUpdateCheck = 1200;
				LastUpgradeCheck = 1200;
				TargetAttributes = {
					4C646AFD25296B8300B05D8A = {
						CreatedOnToolsVersion = 12.0.1;
					};
					4C646B1325296B8500B05D8A = {
						CreatedOnToolsVersion = 12.0.1;
						TestTargetID = 4C646AFD25296B8300B05D8A;
					};
					4C646B1E25296B8500B05D8A = {
						CreatedOnToolsVersion = 12.0.1;
						TestTargetID = 4C646AFD25296B8300B05D8A;
					};
				};
			};
			buildConfigurationList = 4C646AF925296B8300B05D8A /* Build configuration list for PBXProject "New-Music" */;
			compatibilityVersion = "Xcode 9.3";
			developmentRegion = en;
			hasScannedForEncodings = 0;
			knownRegions = (
				en,
				Base,
			);
			mainGroup = 4C646AF525296B8300B05D8A;
			packageReferences = (
			);
			productRefGroup = 4C646AFF25296B8300B05D8A /* Products */;
			projectDirPath = "";
			projectRoot = "";
			targets = (
				4C646AFD25296B8300B05D8A /* New-Music */,
				4C646B1325296B8500B05D8A /* New-MusicTests */,
				4C646B1E25296B8500B05D8A /* New-MusicUITests */,
			);
		};
/* End PBXProject section */

/* Begin PBXResourcesBuildPhase section */
		4C646AFC25296B8300B05D8A /* Resources */ = {
			isa = PBXResourcesBuildPhase;
			buildActionMask = 2147483647;
			files = (
				4C4BB608253C07C3005B086A /* MockSearchResults.json in Resources */,
				4C646B0E25296B8500B05D8A /* LaunchScreen.storyboard in Resources */,
				4C646B0B25296B8500B05D8A /* Assets.xcassets in Resources */,
				4C646B0925296B8300B05D8A /* Main.storyboard in Resources */,
			);
			runOnlyForDeploymentPostprocessing = 0;
		};
		4C646B1225296B8500B05D8A /* Resources */ = {
			isa = PBXResourcesBuildPhase;
			buildActionMask = 2147483647;
			files = (
			);
			runOnlyForDeploymentPostprocessing = 0;
		};
		4C646B1D25296B8500B05D8A /* Resources */ = {
			isa = PBXResourcesBuildPhase;
			buildActionMask = 2147483647;
			files = (
			);
			runOnlyForDeploymentPostprocessing = 0;
		};
/* End PBXResourcesBuildPhase section */

/* Begin PBXSourcesBuildPhase section */
		4C646AFA25296B8300B05D8A /* Sources */ = {
			isa = PBXSourcesBuildPhase;
			buildActionMask = 2147483647;
			files = (
				4C06DE60254F9D8A00897208 /* Interactor.swift in Sources */,
				4C5F40F2256DFB9500DBDA8C /* PersistedPlaylist+Convenience.swift in Sources */,
				4CD485BF253AD6D0005265F3 /* NowPlayingViewModel.swift in Sources */,
				4C646B5A25296D4100B05D8A /* Song.swift in Sources */,
				4CD485A3253AC214005265F3 /* SongResource.swift in Sources */,
				4C0FD8E7252AF62E003AA808 /* Colors.swift in Sources */,
				4C0038AC25BD2E4600EBD519 /* Setting.swift in Sources */,
				4C32722A2547DA9700C5A169 /* ButtonBackgrounds.swift in Sources */,
				4C0FD8DD252AB79E003AA808 /* MusicController.swift in Sources */,
				4C87CE8C252DB578001B9935 /* Notifications.swift in Sources */,
				4C04E8A5253E5253001C0039 /* TransitionAnimator.swift in Sources */,
				4C8BF22B25BD7C3D003497EB /* ExistingPlaylistCollectionViewCell.swift in Sources */,
				4C5F40F8256DFC6A00DBDA8C /* Playlist.swift in Sources */,
				4C3F349825A94A4F00AD9BC1 /* SectionFooterCollectionViewCell.swift in Sources */,
				4C3D1CEA2547F34E0067F57E /* AlbumArtworkView.swift in Sources */,
				4CD4859B253AC1C5005265F3 /* ResourceType.swift in Sources */,
				4C10BCA4255BDFED00E005D1 /* SectionHeader.swift in Sources */,
				4C646B9B2529769900B05D8A /* SelfConfiguringCell.swift in Sources */,
				4C646B4B25296CCA00B05D8A /* AuthController.swift in Sources */,
				4C13359C25722A24008208DC /* NeuMusicButton.swift in Sources */,
				4CD485AD253ACC9B005265F3 /* SongData.swift in Sources */,
				4C83037E258ACF1E00E4860F /* NowPlayingViewFull.swift in Sources */,
				4C646B5525296D2400B05D8A /* Results.swift in Sources */,
				4CC643A72542D506003E6EAE /* CurrentPlaylist.swift in Sources */,
				4C22EF85258CCA0D00032601 /* NowPlayingIndictorView.swift in Sources */,
				4C0038A625BD2DEF00EBD519 /* SettingsViewController.swift in Sources */,
				4CA0ED48253CBDB1001E2ED7 /* NowPlayingBar.swift in Sources */,
				4C646B8225296FB400B05D8A /* UIColors.swift in Sources */,
				4C646B8C2529726600B05D8A /* AlbumsCollectionViewCell.swift in Sources */,
				4C1E460C254D01A900E49F17 /* AppTabBarViewController.swift in Sources */,
				4C07BE1B25555CF000A2D85A /* InstantPanGestureRecognizer.swift in Sources */,
				4C3D1CFC2547FCEC0067F57E /* NowPlayingFullView.swift in Sources */,
				4C646B6E25296E0B00B05D8A /* PlaylistViewController.swift in Sources */,
				4C27C3C22542BC600005BD01 /* PlaylistSongView.swift in Sources */,
				4C6F58AA2574BFE700511E9C /* UserInfo+CodingUserInfoKey.swift in Sources */,
				4C1B03522566550700FDBEB5 /* PlayingIndicatorViewController.swift in Sources */,
				4CA9332325668AA4003CC2F5 /* PlayingIndicatorView.swift in Sources */,
				4C8C7A4B2577AC2300BB4D45 /* HostingViewController.swift in Sources */,
				4C0038B425BD2F0E00EBD519 /* SearchedSongSettingCollectionViewCell.swift in Sources */,
				4C646B3625296BE500B05D8A /* MainCoordinator.swift in Sources */,
				4C830394258B84FB00E4860F /* NowPlayingFullView2.swift in Sources */,
				4C153C32254C01C400A07DAD /* NowPlayingBarViewController.swift in Sources */,
				4CBA884F25A74E9E00B19D07 /* SectionHeaderCollectionViewCell.swift in Sources */,
				4C646B4325296C8A00B05D8A /* UIView+Constraints.swift in Sources */,
				4CD485A8253AC364005265F3 /* AlbumResource.swift in Sources */,
				4C04E8AD253E5C11001C0039 /* NowPlayingFullViewController.swift in Sources */,
				4C1218922558FF0F00164062 /* CurrentPlaylistCollectionViewCell.swift in Sources */,
				4C0FD8EC252B17D6003AA808 /* UIImage+SymbolConfig.swift in Sources */,
				4C0038A125BD2D7400EBD519 /* SettingsPresentationController.swift in Sources */,
				4C5F40EC256DE5C400DBDA8C /* PlaylistSong+Convenience.swift in Sources */,
				4C6E646A2563E88B00353615 /* Protocols.swift in Sources */,
				4C646B962529759000B05D8A /* Section.swift in Sources */,
				4C4BB626253C2C94005B086A /* Album.swift in Sources */,
				4C646B912529727200B05D8A /* ArtistCollectionViewCell.swift in Sources */,
				4C92A442252C5C1100376FCD /* LinearGradient+Init.swift in Sources */,
				4CEC2430256BADE100784F8B /* DeveloperToken.swift in Sources */,
				4C0FD8E2252ADFC1003AA808 /* NowPlayingView.swift in Sources */,
				4C4312DF259DFF2800B8804F /* SongsSearchedCollectionViewCell.swift in Sources */,
				4C5F4100256E484E00DBDA8C /* CreatePlaylistViewController.swift in Sources */,
				4C32722F2547DC3200C5A169 /* ButtonStyles.swift in Sources */,
				4CC1A977257B080B00D3A434 /* PresentAnimator.swift in Sources */,
				4C7291E625497BA50028A5C0 /* ModalPresentation+SwiftUI.swift in Sources */,
				4C8C7A5C2577C77700BB4D45 /* NowPlayingMinimizedViewController.swift in Sources */,
				4CFE2AB8259096C50011B2EF /* NowPlayingCellContentView.swift in Sources */,
				4C2186E12544208500DFD391 /* NowPlayingFull.swift in Sources */,
				4C3272372547DCBB00C5A169 /* MusicControlsView.swift in Sources */,
				4CFB1DCF256FAC4400546BA0 /* UIViewController+UserInfoAlert.swift in Sources */,
				4C4BB613253C121E005B086A /* SearchResult.swift in Sources */,
				4C319907258381E4007D9A3F /* NowPlayingBarAnimationView.swift in Sources */,
				4C83038C258B5AC400E4860F /* GetFrameViewModifier.swift in Sources */,
				4C646B872529725800B05D8A /* SongsCollectionViewCell.swift in Sources */,
				4C2C83CA256498FD00D4332F /* ChildVCCoordinator.swift in Sources */,
				4CA71D442571168E00CF6980 /* PlaylistCollectionViewCell.swift in Sources */,
				4C71CA65253ED48D0039C127 /* NowPlayingPresentationController.swift in Sources */,
				4C55CE72256D2D4700A55F4B /* Playlist.xcdatamodeld in Sources */,
				4C646B6925296DF900B05D8A /* SearchViewController.swift in Sources */,
				4CD485B2253ACE00005265F3 /* MediaType.swift in Sources */,
				4C6F58AF2574E65F00511E9C /* PlaylistCellContentView.swift in Sources */,
				4C4BB61E253C2BE2005B086A /* AlbumData.swift in Sources */,
				4C3272402547DD4100C5A169 /* NeuButtons.swift in Sources */,
				4C646B5025296CFB00B05D8A /* APIController.swift in Sources */,
				4C646B0225296B8300B05D8A /* AppDelegate.swift in Sources */,
				4CFE2ABD2590982B0011B2EF /* NowPlayingCollectionViewCell.swift in Sources */,
				4C646B6425296DCA00B05D8A /* NowPlayingViewController.swift in Sources */,
				4C53F0282546CD3E00F575E1 /* ViewControllerWrapper.swift in Sources */,
				4CFB1DC7256F8D1B00546BA0 /* CreatePlaylistCollectionViewCell.swift in Sources */,
				4C646B0425296B8300B05D8A /* SceneDelegate.swift in Sources */,
				4CC1A972257B06FA00D3A434 /* DismissAnimator.swift in Sources */,
				4C3D1D052547FF7E0067F57E /* NowPlayingBarView.swift in Sources */,
				4C55CE69256D2CAF00A55F4B /* CoreDataStack.swift in Sources */,
				4C1CA3C025514F2E0074A711 /* NowPlayingTransitionCoordinator.swift in Sources */,
				4C646B5F25296D7A00B05D8A /* NetworkError+Init.swift in Sources */,
				4C2AE15F25310BAE009164B8 /* Constants.swift in Sources */,
				4C3D1CF32547F7000067F57E /* TrackProgressBarView.swift in Sources */,
			);
			runOnlyForDeploymentPostprocessing = 0;
		};
		4C646B1025296B8500B05D8A /* Sources */ = {
			isa = PBXSourcesBuildPhase;
			buildActionMask = 2147483647;
			files = (
				4C646B1925296B8500B05D8A /* New_MusicTests.swift in Sources */,
			);
			runOnlyForDeploymentPostprocessing = 0;
		};
		4C646B1B25296B8500B05D8A /* Sources */ = {
			isa = PBXSourcesBuildPhase;
			buildActionMask = 2147483647;
			files = (
				4C646B2425296B8500B05D8A /* New_MusicUITests.swift in Sources */,
			);
			runOnlyForDeploymentPostprocessing = 0;
		};
/* End PBXSourcesBuildPhase section */

/* Begin PBXTargetDependency section */
		4C646B1625296B8500B05D8A /* PBXTargetDependency */ = {
			isa = PBXTargetDependency;
			target = 4C646AFD25296B8300B05D8A /* New-Music */;
			targetProxy = 4C646B1525296B8500B05D8A /* PBXContainerItemProxy */;
		};
		4C646B2125296B8500B05D8A /* PBXTargetDependency */ = {
			isa = PBXTargetDependency;
			target = 4C646AFD25296B8300B05D8A /* New-Music */;
			targetProxy = 4C646B2025296B8500B05D8A /* PBXContainerItemProxy */;
		};
/* End PBXTargetDependency section */

/* Begin PBXVariantGroup section */
		4C646B0725296B8300B05D8A /* Main.storyboard */ = {
			isa = PBXVariantGroup;
			children = (
				4C646B0825296B8300B05D8A /* Base */,
			);
			name = Main.storyboard;
			sourceTree = "<group>";
		};
		4C646B0C25296B8500B05D8A /* LaunchScreen.storyboard */ = {
			isa = PBXVariantGroup;
			children = (
				4C646B0D25296B8500B05D8A /* Base */,
			);
			name = LaunchScreen.storyboard;
			sourceTree = "<group>";
		};
/* End PBXVariantGroup section */

/* Begin XCBuildConfiguration section */
		4C646B2625296B8500B05D8A /* Debug */ = {
			isa = XCBuildConfiguration;
			buildSettings = {
				ALWAYS_SEARCH_USER_PATHS = NO;
				CLANG_ANALYZER_NONNULL = YES;
				CLANG_ANALYZER_NUMBER_OBJECT_CONVERSION = YES_AGGRESSIVE;
				CLANG_CXX_LANGUAGE_STANDARD = "gnu++14";
				CLANG_CXX_LIBRARY = "libc++";
				CLANG_ENABLE_MODULES = YES;
				CLANG_ENABLE_OBJC_ARC = YES;
				CLANG_ENABLE_OBJC_WEAK = YES;
				CLANG_WARN_BLOCK_CAPTURE_AUTORELEASING = YES;
				CLANG_WARN_BOOL_CONVERSION = YES;
				CLANG_WARN_COMMA = YES;
				CLANG_WARN_CONSTANT_CONVERSION = YES;
				CLANG_WARN_DEPRECATED_OBJC_IMPLEMENTATIONS = YES;
				CLANG_WARN_DIRECT_OBJC_ISA_USAGE = YES_ERROR;
				CLANG_WARN_DOCUMENTATION_COMMENTS = YES;
				CLANG_WARN_EMPTY_BODY = YES;
				CLANG_WARN_ENUM_CONVERSION = YES;
				CLANG_WARN_INFINITE_RECURSION = YES;
				CLANG_WARN_INT_CONVERSION = YES;
				CLANG_WARN_NON_LITERAL_NULL_CONVERSION = YES;
				CLANG_WARN_OBJC_IMPLICIT_RETAIN_SELF = YES;
				CLANG_WARN_OBJC_LITERAL_CONVERSION = YES;
				CLANG_WARN_OBJC_ROOT_CLASS = YES_ERROR;
				CLANG_WARN_QUOTED_INCLUDE_IN_FRAMEWORK_HEADER = YES;
				CLANG_WARN_RANGE_LOOP_ANALYSIS = YES;
				CLANG_WARN_STRICT_PROTOTYPES = YES;
				CLANG_WARN_SUSPICIOUS_MOVE = YES;
				CLANG_WARN_UNGUARDED_AVAILABILITY = YES_AGGRESSIVE;
				CLANG_WARN_UNREACHABLE_CODE = YES;
				CLANG_WARN__DUPLICATE_METHOD_MATCH = YES;
				COPY_PHASE_STRIP = NO;
				DEBUG_INFORMATION_FORMAT = dwarf;
				ENABLE_STRICT_OBJC_MSGSEND = YES;
				ENABLE_TESTABILITY = YES;
				GCC_C_LANGUAGE_STANDARD = gnu11;
				GCC_DYNAMIC_NO_PIC = NO;
				GCC_NO_COMMON_BLOCKS = YES;
				GCC_OPTIMIZATION_LEVEL = 0;
				GCC_PREPROCESSOR_DEFINITIONS = (
					"DEBUG=1",
					"$(inherited)",
				);
				GCC_WARN_64_TO_32_BIT_CONVERSION = YES;
				GCC_WARN_ABOUT_RETURN_TYPE = YES_ERROR;
				GCC_WARN_UNDECLARED_SELECTOR = YES;
				GCC_WARN_UNINITIALIZED_AUTOS = YES_AGGRESSIVE;
				GCC_WARN_UNUSED_FUNCTION = YES;
				GCC_WARN_UNUSED_VARIABLE = YES;
				IPHONEOS_DEPLOYMENT_TARGET = 14.1;
				MTL_ENABLE_DEBUG_INFO = INCLUDE_SOURCE;
				MTL_FAST_MATH = YES;
				ONLY_ACTIVE_ARCH = YES;
				SDKROOT = iphoneos;
				SWIFT_ACTIVE_COMPILATION_CONDITIONS = DEBUG;
				SWIFT_OPTIMIZATION_LEVEL = "-Onone";
			};
			name = Debug;
		};
		4C646B2725296B8500B05D8A /* Release */ = {
			isa = XCBuildConfiguration;
			buildSettings = {
				ALWAYS_SEARCH_USER_PATHS = NO;
				CLANG_ANALYZER_NONNULL = YES;
				CLANG_ANALYZER_NUMBER_OBJECT_CONVERSION = YES_AGGRESSIVE;
				CLANG_CXX_LANGUAGE_STANDARD = "gnu++14";
				CLANG_CXX_LIBRARY = "libc++";
				CLANG_ENABLE_MODULES = YES;
				CLANG_ENABLE_OBJC_ARC = YES;
				CLANG_ENABLE_OBJC_WEAK = YES;
				CLANG_WARN_BLOCK_CAPTURE_AUTORELEASING = YES;
				CLANG_WARN_BOOL_CONVERSION = YES;
				CLANG_WARN_COMMA = YES;
				CLANG_WARN_CONSTANT_CONVERSION = YES;
				CLANG_WARN_DEPRECATED_OBJC_IMPLEMENTATIONS = YES;
				CLANG_WARN_DIRECT_OBJC_ISA_USAGE = YES_ERROR;
				CLANG_WARN_DOCUMENTATION_COMMENTS = YES;
				CLANG_WARN_EMPTY_BODY = YES;
				CLANG_WARN_ENUM_CONVERSION = YES;
				CLANG_WARN_INFINITE_RECURSION = YES;
				CLANG_WARN_INT_CONVERSION = YES;
				CLANG_WARN_NON_LITERAL_NULL_CONVERSION = YES;
				CLANG_WARN_OBJC_IMPLICIT_RETAIN_SELF = YES;
				CLANG_WARN_OBJC_LITERAL_CONVERSION = YES;
				CLANG_WARN_OBJC_ROOT_CLASS = YES_ERROR;
				CLANG_WARN_QUOTED_INCLUDE_IN_FRAMEWORK_HEADER = YES;
				CLANG_WARN_RANGE_LOOP_ANALYSIS = YES;
				CLANG_WARN_STRICT_PROTOTYPES = YES;
				CLANG_WARN_SUSPICIOUS_MOVE = YES;
				CLANG_WARN_UNGUARDED_AVAILABILITY = YES_AGGRESSIVE;
				CLANG_WARN_UNREACHABLE_CODE = YES;
				CLANG_WARN__DUPLICATE_METHOD_MATCH = YES;
				COPY_PHASE_STRIP = NO;
				DEBUG_INFORMATION_FORMAT = "dwarf-with-dsym";
				ENABLE_NS_ASSERTIONS = NO;
				ENABLE_STRICT_OBJC_MSGSEND = YES;
				GCC_C_LANGUAGE_STANDARD = gnu11;
				GCC_NO_COMMON_BLOCKS = YES;
				GCC_WARN_64_TO_32_BIT_CONVERSION = YES;
				GCC_WARN_ABOUT_RETURN_TYPE = YES_ERROR;
				GCC_WARN_UNDECLARED_SELECTOR = YES;
				GCC_WARN_UNINITIALIZED_AUTOS = YES_AGGRESSIVE;
				GCC_WARN_UNUSED_FUNCTION = YES;
				GCC_WARN_UNUSED_VARIABLE = YES;
				IPHONEOS_DEPLOYMENT_TARGET = 14.1;
				MTL_ENABLE_DEBUG_INFO = NO;
				MTL_FAST_MATH = YES;
				SDKROOT = iphoneos;
				SWIFT_COMPILATION_MODE = wholemodule;
				SWIFT_OPTIMIZATION_LEVEL = "-O";
				VALIDATE_PRODUCT = YES;
			};
			name = Release;
		};
		4C646B2925296B8500B05D8A /* Debug */ = {
			isa = XCBuildConfiguration;
			buildSettings = {
				ASSETCATALOG_COMPILER_APPICON_NAME = AppIcon;
				ASSETCATALOG_COMPILER_GLOBAL_ACCENT_COLOR_NAME = AccentColor;
				CODE_SIGN_STYLE = Automatic;
				DEVELOPMENT_TEAM = V5X7HQSSM6;
				INFOPLIST_FILE = "New-Music/Resources/Info.plist";
				IPHONEOS_DEPLOYMENT_TARGET = 14.0;
				LD_RUNPATH_SEARCH_PATHS = (
					"$(inherited)",
					"@executable_path/Frameworks",
				);
				PRODUCT_BUNDLE_IDENTIFIER = "com.michaelmcgrath.New-Music";
				PRODUCT_NAME = "$(TARGET_NAME)";
				SWIFT_VERSION = 5.0;
				TARGETED_DEVICE_FAMILY = "1,2";
			};
			name = Debug;
		};
		4C646B2A25296B8500B05D8A /* Release */ = {
			isa = XCBuildConfiguration;
			buildSettings = {
				ASSETCATALOG_COMPILER_APPICON_NAME = AppIcon;
				ASSETCATALOG_COMPILER_GLOBAL_ACCENT_COLOR_NAME = AccentColor;
				CODE_SIGN_STYLE = Automatic;
				DEVELOPMENT_TEAM = V5X7HQSSM6;
				INFOPLIST_FILE = "New-Music/Resources/Info.plist";
				IPHONEOS_DEPLOYMENT_TARGET = 14.0;
				LD_RUNPATH_SEARCH_PATHS = (
					"$(inherited)",
					"@executable_path/Frameworks",
				);
				PRODUCT_BUNDLE_IDENTIFIER = "com.michaelmcgrath.New-Music";
				PRODUCT_NAME = "$(TARGET_NAME)";
				SWIFT_VERSION = 5.0;
				TARGETED_DEVICE_FAMILY = "1,2";
			};
			name = Release;
		};
		4C646B2C25296B8500B05D8A /* Debug */ = {
			isa = XCBuildConfiguration;
			buildSettings = {
				ALWAYS_EMBED_SWIFT_STANDARD_LIBRARIES = YES;
				BUNDLE_LOADER = "$(TEST_HOST)";
				CODE_SIGN_STYLE = Automatic;
				DEVELOPMENT_TEAM = V5X7HQSSM6;
				INFOPLIST_FILE = "New-MusicTests/Info.plist";
				IPHONEOS_DEPLOYMENT_TARGET = 14.0;
				LD_RUNPATH_SEARCH_PATHS = (
					"$(inherited)",
					"@executable_path/Frameworks",
					"@loader_path/Frameworks",
				);
				PRODUCT_BUNDLE_IDENTIFIER = "com.michaelmcgrath.New-MusicTests";
				PRODUCT_NAME = "$(TARGET_NAME)";
				SWIFT_VERSION = 5.0;
				TARGETED_DEVICE_FAMILY = "1,2";
				TEST_HOST = "$(BUILT_PRODUCTS_DIR)/New-Music.app/New-Music";
			};
			name = Debug;
		};
		4C646B2D25296B8500B05D8A /* Release */ = {
			isa = XCBuildConfiguration;
			buildSettings = {
				ALWAYS_EMBED_SWIFT_STANDARD_LIBRARIES = YES;
				BUNDLE_LOADER = "$(TEST_HOST)";
				CODE_SIGN_STYLE = Automatic;
				DEVELOPMENT_TEAM = V5X7HQSSM6;
				INFOPLIST_FILE = "New-MusicTests/Info.plist";
				IPHONEOS_DEPLOYMENT_TARGET = 14.0;
				LD_RUNPATH_SEARCH_PATHS = (
					"$(inherited)",
					"@executable_path/Frameworks",
					"@loader_path/Frameworks",
				);
				PRODUCT_BUNDLE_IDENTIFIER = "com.michaelmcgrath.New-MusicTests";
				PRODUCT_NAME = "$(TARGET_NAME)";
				SWIFT_VERSION = 5.0;
				TARGETED_DEVICE_FAMILY = "1,2";
				TEST_HOST = "$(BUILT_PRODUCTS_DIR)/New-Music.app/New-Music";
			};
			name = Release;
		};
		4C646B2F25296B8500B05D8A /* Debug */ = {
			isa = XCBuildConfiguration;
			buildSettings = {
				ALWAYS_EMBED_SWIFT_STANDARD_LIBRARIES = YES;
				CODE_SIGN_STYLE = Automatic;
				DEVELOPMENT_TEAM = V5X7HQSSM6;
				INFOPLIST_FILE = "New-MusicUITests/Info.plist";
				LD_RUNPATH_SEARCH_PATHS = (
					"$(inherited)",
					"@executable_path/Frameworks",
					"@loader_path/Frameworks",
				);
				PRODUCT_BUNDLE_IDENTIFIER = "com.michaelmcgrath.New-MusicUITests";
				PRODUCT_NAME = "$(TARGET_NAME)";
				SWIFT_VERSION = 5.0;
				TARGETED_DEVICE_FAMILY = "1,2";
				TEST_TARGET_NAME = "New-Music";
			};
			name = Debug;
		};
		4C646B3025296B8500B05D8A /* Release */ = {
			isa = XCBuildConfiguration;
			buildSettings = {
				ALWAYS_EMBED_SWIFT_STANDARD_LIBRARIES = YES;
				CODE_SIGN_STYLE = Automatic;
				DEVELOPMENT_TEAM = V5X7HQSSM6;
				INFOPLIST_FILE = "New-MusicUITests/Info.plist";
				LD_RUNPATH_SEARCH_PATHS = (
					"$(inherited)",
					"@executable_path/Frameworks",
					"@loader_path/Frameworks",
				);
				PRODUCT_BUNDLE_IDENTIFIER = "com.michaelmcgrath.New-MusicUITests";
				PRODUCT_NAME = "$(TARGET_NAME)";
				SWIFT_VERSION = 5.0;
				TARGETED_DEVICE_FAMILY = "1,2";
				TEST_TARGET_NAME = "New-Music";
			};
			name = Release;
		};
/* End XCBuildConfiguration section */

/* Begin XCConfigurationList section */
		4C646AF925296B8300B05D8A /* Build configuration list for PBXProject "New-Music" */ = {
			isa = XCConfigurationList;
			buildConfigurations = (
				4C646B2625296B8500B05D8A /* Debug */,
				4C646B2725296B8500B05D8A /* Release */,
			);
			defaultConfigurationIsVisible = 0;
			defaultConfigurationName = Release;
		};
		4C646B2825296B8500B05D8A /* Build configuration list for PBXNativeTarget "New-Music" */ = {
			isa = XCConfigurationList;
			buildConfigurations = (
				4C646B2925296B8500B05D8A /* Debug */,
				4C646B2A25296B8500B05D8A /* Release */,
			);
			defaultConfigurationIsVisible = 0;
			defaultConfigurationName = Release;
		};
		4C646B2B25296B8500B05D8A /* Build configuration list for PBXNativeTarget "New-MusicTests" */ = {
			isa = XCConfigurationList;
			buildConfigurations = (
				4C646B2C25296B8500B05D8A /* Debug */,
				4C646B2D25296B8500B05D8A /* Release */,
			);
			defaultConfigurationIsVisible = 0;
			defaultConfigurationName = Release;
		};
		4C646B2E25296B8500B05D8A /* Build configuration list for PBXNativeTarget "New-MusicUITests" */ = {
			isa = XCConfigurationList;
			buildConfigurations = (
				4C646B2F25296B8500B05D8A /* Debug */,
				4C646B3025296B8500B05D8A /* Release */,
			);
			defaultConfigurationIsVisible = 0;
			defaultConfigurationName = Release;
		};
/* End XCConfigurationList section */

/* Begin XCVersionGroup section */
		4C55CE70256D2D4700A55F4B /* Playlist.xcdatamodeld */ = {
			isa = XCVersionGroup;
			children = (
				4C55CE71256D2D4700A55F4B /* Playlist.xcdatamodel */,
			);
			currentVersion = 4C55CE71256D2D4700A55F4B /* Playlist.xcdatamodel */;
			path = Playlist.xcdatamodeld;
			sourceTree = "<group>";
			versionGroupType = wrapper.xcdatamodel;
		};
/* End XCVersionGroup section */
	};
	rootObject = 4C646AF625296B8300B05D8A /* Project object */;
}
